// !$*UTF8*$!
{
	archiveVersion = 1;
	classes = {
	};
	objectVersion = 46;
	objects = {

/* Begin PBXBuildFile section */
		1AC6FB21180E996B004C840B /* libcocos2d Mac.a in Frameworks */ = {isa = PBXBuildFile; fileRef = 1AC6FAF9180E9839004C840B /* libcocos2d Mac.a */; };
		1AC6FB30180E99EB004C840B /* libcocos2d iOS.a in Frameworks */ = {isa = PBXBuildFile; fileRef = 1AC6FB07180E9839004C840B /* libcocos2d iOS.a */; };
		1D60589F0D05DD5A006BFB54 /* Foundation.framework in Frameworks */ = {isa = PBXBuildFile; fileRef = 1D30AB110D05D00D00671497 /* Foundation.framework */; };
		1DF5F4E00D08C38300B7A737 /* UIKit.framework in Frameworks */ = {isa = PBXBuildFile; fileRef = 1DF5F4DF0D08C38300B7A737 /* UIKit.framework */; };
		288765A50DF7441C002DB57D /* CoreGraphics.framework in Frameworks */ = {isa = PBXBuildFile; fileRef = 288765A40DF7441C002DB57D /* CoreGraphics.framework */; };
		294D0D641D0D56D500F7F5D4 /* CoreText.framework in Frameworks */ = {isa = PBXBuildFile; fileRef = 294D0D631D0D56D500F7F5D4 /* CoreText.framework */; };
		3EACC98F19EE6D4300EB3C5E /* res in Resources */ = {isa = PBXBuildFile; fileRef = 3EACC98E19EE6D4300EB3C5E /* res */; };
		3EACC99019EE6D4300EB3C5E /* res in Resources */ = {isa = PBXBuildFile; fileRef = 3EACC98E19EE6D4300EB3C5E /* res */; };
		46880B7B19C43A67006E1F66 /* CloseNormal.png in Resources */ = {isa = PBXBuildFile; fileRef = 46880B7619C43A67006E1F66 /* CloseNormal.png */; };
		46880B7C19C43A67006E1F66 /* CloseNormal.png in Resources */ = {isa = PBXBuildFile; fileRef = 46880B7619C43A67006E1F66 /* CloseNormal.png */; };
		46880B7D19C43A67006E1F66 /* CloseSelected.png in Resources */ = {isa = PBXBuildFile; fileRef = 46880B7719C43A67006E1F66 /* CloseSelected.png */; };
		46880B7E19C43A67006E1F66 /* CloseSelected.png in Resources */ = {isa = PBXBuildFile; fileRef = 46880B7719C43A67006E1F66 /* CloseSelected.png */; };
		46880B8119C43A67006E1F66 /* HelloWorld.png in Resources */ = {isa = PBXBuildFile; fileRef = 46880B7A19C43A67006E1F66 /* HelloWorld.png */; };
		46880B8219C43A67006E1F66 /* HelloWorld.png in Resources */ = {isa = PBXBuildFile; fileRef = 46880B7A19C43A67006E1F66 /* HelloWorld.png */; };
		46880B8819C43A87006E1F66 /* AppDelegate.cpp in Sources */ = {isa = PBXBuildFile; fileRef = 46880B8419C43A87006E1F66 /* AppDelegate.cpp */; };
		46880B8919C43A87006E1F66 /* AppDelegate.cpp in Sources */ = {isa = PBXBuildFile; fileRef = 46880B8419C43A87006E1F66 /* AppDelegate.cpp */; };
		503AE0F817EB97AB00D1A890 /* Icon.icns in Resources */ = {isa = PBXBuildFile; fileRef = 503AE0F617EB97AB00D1A890 /* Icon.icns */; };
		503AE10017EB989F00D1A890 /* AppController.mm in Sources */ = {isa = PBXBuildFile; fileRef = 503AE0FB17EB989F00D1A890 /* AppController.mm */; };
		503AE10117EB989F00D1A890 /* main.m in Sources */ = {isa = PBXBuildFile; fileRef = 503AE0FC17EB989F00D1A890 /* main.m */; };
		503AE10217EB989F00D1A890 /* RootViewController.mm in Sources */ = {isa = PBXBuildFile; fileRef = 503AE0FF17EB989F00D1A890 /* RootViewController.mm */; };
		503AE10517EB98FF00D1A890 /* main.cpp in Sources */ = {isa = PBXBuildFile; fileRef = 503AE10317EB98FF00D1A890 /* main.cpp */; };
		503AE11B17EB9C5A00D1A890 /* IOKit.framework in Frameworks */ = {isa = PBXBuildFile; fileRef = 503AE11A17EB9C5A00D1A890 /* IOKit.framework */; };
		5087E76317EB910900C73F5D /* Foundation.framework in Frameworks */ = {isa = PBXBuildFile; fileRef = 1D30AB110D05D00D00671497 /* Foundation.framework */; };
		5087E76717EB910900C73F5D /* libz.dylib in Frameworks */ = {isa = PBXBuildFile; fileRef = BF170DB412928DE900B8313A /* libz.dylib */; };
		5087E76817EB910900C73F5D /* QuartzCore.framework in Frameworks */ = {isa = PBXBuildFile; fileRef = BF1C47EA1293683800B63C5D /* QuartzCore.framework */; };
		5087E76917EB910900C73F5D /* OpenAL.framework in Frameworks */ = {isa = PBXBuildFile; fileRef = D44C620B132DFF330009C878 /* OpenAL.framework */; };
		5087E76A17EB910900C73F5D /* AVFoundation.framework in Frameworks */ = {isa = PBXBuildFile; fileRef = D44C620D132DFF430009C878 /* AVFoundation.framework */; };
		5087E76B17EB910900C73F5D /* AudioToolbox.framework in Frameworks */ = {isa = PBXBuildFile; fileRef = D44C620F132DFF4E0009C878 /* AudioToolbox.framework */; };
		5087E77D17EB970100C73F5D /* Default-568h@2x.png in Resources */ = {isa = PBXBuildFile; fileRef = 5087E77217EB970100C73F5D /* Default-568h@2x.png */; };
		5087E77E17EB970100C73F5D /* Default.png in Resources */ = {isa = PBXBuildFile; fileRef = 5087E77317EB970100C73F5D /* Default.png */; };
		5087E77F17EB970100C73F5D /* Default@2x.png in Resources */ = {isa = PBXBuildFile; fileRef = 5087E77417EB970100C73F5D /* Default@2x.png */; };
		5087E78017EB970100C73F5D /* Icon-114.png in Resources */ = {isa = PBXBuildFile; fileRef = 5087E77517EB970100C73F5D /* Icon-114.png */; };
		5087E78117EB970100C73F5D /* Icon-120.png in Resources */ = {isa = PBXBuildFile; fileRef = 5087E77617EB970100C73F5D /* Icon-120.png */; };
		5087E78217EB970100C73F5D /* Icon-144.png in Resources */ = {isa = PBXBuildFile; fileRef = 5087E77717EB970100C73F5D /* Icon-144.png */; };
		5087E78317EB970100C73F5D /* Icon-152.png in Resources */ = {isa = PBXBuildFile; fileRef = 5087E77817EB970100C73F5D /* Icon-152.png */; };
		5087E78417EB970100C73F5D /* Icon-57.png in Resources */ = {isa = PBXBuildFile; fileRef = 5087E77917EB970100C73F5D /* Icon-57.png */; };
		5087E78517EB970100C73F5D /* Icon-72.png in Resources */ = {isa = PBXBuildFile; fileRef = 5087E77A17EB970100C73F5D /* Icon-72.png */; };
		5087E78617EB970100C73F5D /* Icon-76.png in Resources */ = {isa = PBXBuildFile; fileRef = 5087E77B17EB970100C73F5D /* Icon-76.png */; };
		5087E78917EB974C00C73F5D /* AppKit.framework in Frameworks */ = {isa = PBXBuildFile; fileRef = 5087E78817EB974C00C73F5D /* AppKit.framework */; };
		5087E78B17EB975400C73F5D /* OpenGL.framework in Frameworks */ = {isa = PBXBuildFile; fileRef = 5087E78A17EB975400C73F5D /* OpenGL.framework */; };
		50EF629617ECD46A001EB2F8 /* Icon-40.png in Resources */ = {isa = PBXBuildFile; fileRef = 50EF629217ECD46A001EB2F8 /* Icon-40.png */; };
		50EF629717ECD46A001EB2F8 /* Icon-58.png in Resources */ = {isa = PBXBuildFile; fileRef = 50EF629317ECD46A001EB2F8 /* Icon-58.png */; };
		50EF629817ECD46A001EB2F8 /* Icon-80.png in Resources */ = {isa = PBXBuildFile; fileRef = 50EF629417ECD46A001EB2F8 /* Icon-80.png */; };
		50EF629917ECD46A001EB2F8 /* Icon-100.png in Resources */ = {isa = PBXBuildFile; fileRef = 50EF629517ECD46A001EB2F8 /* Icon-100.png */; };
		50EF62A217ECD613001EB2F8 /* Icon-29.png in Resources */ = {isa = PBXBuildFile; fileRef = 50EF62A017ECD613001EB2F8 /* Icon-29.png */; };
		50EF62A317ECD613001EB2F8 /* Icon-50.png in Resources */ = {isa = PBXBuildFile; fileRef = 50EF62A117ECD613001EB2F8 /* Icon-50.png */; };
		521A8E6419F0C34300D177D7 /* Default-667h@2x.png in Resources */ = {isa = PBXBuildFile; fileRef = 521A8E6219F0C34300D177D7 /* Default-667h@2x.png */; };
		521A8E6519F0C34300D177D7 /* Default-736h@3x.png in Resources */ = {isa = PBXBuildFile; fileRef = 521A8E6319F0C34300D177D7 /* Default-736h@3x.png */; };
		521A8EA919F11F5000D177D7 /* fonts in Resources */ = {isa = PBXBuildFile; fileRef = 521A8EA819F11F5000D177D7 /* fonts */; };
		521A8EAA19F11F5000D177D7 /* fonts in Resources */ = {isa = PBXBuildFile; fileRef = 521A8EA819F11F5000D177D7 /* fonts */; };
		52B47A471A53D09C004E4C60 /* Security.framework in Frameworks */ = {isa = PBXBuildFile; fileRef = 52B47A461A53D09B004E4C60 /* Security.framework */; };
		8262943E1AAF051F00CB7CF7 /* Security.framework in Frameworks */ = {isa = PBXBuildFile; fileRef = 8262943D1AAF051F00CB7CF7 /* Security.framework */; };
		B223F1281FCE6B5500DA0315 /* register_case.png in Resources */ = {isa = PBXBuildFile; fileRef = B223F11F1FCE6B5500DA0315 /* register_case.png */; };
		B223F1291FCE6B5500DA0315 /* register_first_use.png in Resources */ = {isa = PBXBuildFile; fileRef = B223F1201FCE6B5500DA0315 /* register_first_use.png */; };
		B223F12A1FCE6B5500DA0315 /* btn_register_return.png in Resources */ = {isa = PBXBuildFile; fileRef = B223F1211FCE6B5500DA0315 /* btn_register_return.png */; };
		B223F12B1FCE6B5500DA0315 /* register_SQCode.png in Resources */ = {isa = PBXBuildFile; fileRef = B223F1221FCE6B5500DA0315 /* register_SQCode.png */; };
		B223F12C1FCE6B5500DA0315 /* regitser_writing.png in Resources */ = {isa = PBXBuildFile; fileRef = B223F1231FCE6B5500DA0315 /* regitser_writing.png */; };
		B223F12D1FCE6B5500DA0315 /* btn_register_delete.png in Resources */ = {isa = PBXBuildFile; fileRef = B223F1241FCE6B5500DA0315 /* btn_register_delete.png */; };
		B223F12E1FCE6B5500DA0315 /* bk_register.png in Resources */ = {isa = PBXBuildFile; fileRef = B223F1251FCE6B5500DA0315 /* bk_register.png */; };
		B223F12F1FCE6B5500DA0315 /* btn_register_sure.png in Resources */ = {isa = PBXBuildFile; fileRef = B223F1261FCE6B5500DA0315 /* btn_register_sure.png */; };
		B223F1321FCE6B7100DA0315 /* RegisterScene.cpp in Sources */ = {isa = PBXBuildFile; fileRef = B223F1301FCE6B7100DA0315 /* RegisterScene.cpp */; };
		B223F13C1FCEAB0E00DA0315 /* btn_message_sure.png in Resources */ = {isa = PBXBuildFile; fileRef = B223F1341FCEAB0E00DA0315 /* btn_message_sure.png */; };
		B223F13D1FCEAB0E00DA0315 /* bk_register_message.png in Resources */ = {isa = PBXBuildFile; fileRef = B223F1351FCEAB0E00DA0315 /* bk_register_message.png */; };
		B223F13E1FCEAB0E00DA0315 /* update_album.png in Resources */ = {isa = PBXBuildFile; fileRef = B223F1361FCEAB0E00DA0315 /* update_album.png */; };
		B223F13F1FCEAB0E00DA0315 /* select_sure.png in Resources */ = {isa = PBXBuildFile; fileRef = B223F1371FCEAB0E00DA0315 /* select_sure.png */; };
		B223F1401FCEAB0E00DA0315 /* message_select_man.png in Resources */ = {isa = PBXBuildFile; fileRef = B223F1381FCEAB0E00DA0315 /* message_select_man.png */; };
		B223F1411FCEAB0E00DA0315 /* btn_update_head.png in Resources */ = {isa = PBXBuildFile; fileRef = B223F1391FCEAB0E00DA0315 /* btn_update_head.png */; };
		B223F1421FCEAB0E00DA0315 /* message_select_woman.png in Resources */ = {isa = PBXBuildFile; fileRef = B223F13A1FCEAB0E00DA0315 /* message_select_woman.png */; };
		B223F1431FCEAB0E00DA0315 /* btn_message_cancel.png in Resources */ = {isa = PBXBuildFile; fileRef = B223F13B1FCEAB0E00DA0315 /* btn_message_cancel.png */; };
		B223F1461FCEAB3B00DA0315 /* RegisterMessageScene.cpp in Sources */ = {isa = PBXBuildFile; fileRef = B223F1441FCEAB3B00DA0315 /* RegisterMessageScene.cpp */; };
		B232ADD21FD0F6BE00ABBA1D /* PerfectCaseScene.cpp in Sources */ = {isa = PBXBuildFile; fileRef = B232ADD01FD0F6BE00ABBA1D /* PerfectCaseScene.cpp */; };
		B232ADE51FD0FC7300ABBA1D /* btn_dynamic_select.png in Resources */ = {isa = PBXBuildFile; fileRef = B232ADD51FD0FC7200ABBA1D /* btn_dynamic_select.png */; };
		B232ADE61FD0FC7300ABBA1D /* step4.png in Resources */ = {isa = PBXBuildFile; fileRef = B232ADD61FD0FC7200ABBA1D /* step4.png */; };
		B232ADE71FD0FC7300ABBA1D /* btn_inform_select.png in Resources */ = {isa = PBXBuildFile; fileRef = B232ADD71FD0FC7200ABBA1D /* btn_inform_select.png */; };
		B232ADE81FD0FC7300ABBA1D /* step3.png in Resources */ = {isa = PBXBuildFile; fileRef = B232ADD81FD0FC7200ABBA1D /* step3.png */; };
		B232ADE91FD0FC7300ABBA1D /* step2.png in Resources */ = {isa = PBXBuildFile; fileRef = B232ADD91FD0FC7200ABBA1D /* step2.png */; };
		B232ADEA1FD0FC7300ABBA1D /* btn_case_unselect.png in Resources */ = {isa = PBXBuildFile; fileRef = B232ADDA1FD0FC7200ABBA1D /* btn_case_unselect.png */; };
		B232ADEB1FD0FC7300ABBA1D /* step1.png in Resources */ = {isa = PBXBuildFile; fileRef = B232ADDB1FD0FC7200ABBA1D /* step1.png */; };
		B232ADEC1FD0FC7300ABBA1D /* btn_perfect_sure.png in Resources */ = {isa = PBXBuildFile; fileRef = B232ADDC1FD0FC7200ABBA1D /* btn_perfect_sure.png */; };
		B232ADED1FD0FC7300ABBA1D /* bk_perfect_case.png in Resources */ = {isa = PBXBuildFile; fileRef = B232ADDD1FD0FC7200ABBA1D /* bk_perfect_case.png */; };
		B232ADEE1FD0FC7300ABBA1D /* btn_dynamic_unselect.png in Resources */ = {isa = PBXBuildFile; fileRef = B232ADDE1FD0FC7200ABBA1D /* btn_dynamic_unselect.png */; };
		B232ADEF1FD0FC7300ABBA1D /* btn_case_select.png in Resources */ = {isa = PBXBuildFile; fileRef = B232ADDF1FD0FC7200ABBA1D /* btn_case_select.png */; };
		B232ADF01FD0FC7300ABBA1D /* inform_circle.png in Resources */ = {isa = PBXBuildFile; fileRef = B232ADE01FD0FC7200ABBA1D /* inform_circle.png */; };
		B232ADF11FD0FC7300ABBA1D /* btn_user_select.png in Resources */ = {isa = PBXBuildFile; fileRef = B232ADE11FD0FC7200ABBA1D /* btn_user_select.png */; };
		B232ADF21FD0FC7300ABBA1D /* bk_perfect_bottom.png in Resources */ = {isa = PBXBuildFile; fileRef = B232ADE21FD0FC7200ABBA1D /* bk_perfect_bottom.png */; };
		B232ADF31FD0FC7300ABBA1D /* btn_inform_unselect.png in Resources */ = {isa = PBXBuildFile; fileRef = B232ADE31FD0FC7200ABBA1D /* btn_inform_unselect.png */; };
		B232ADF41FD0FC7300ABBA1D /* btn_user_unselect.png in Resources */ = {isa = PBXBuildFile; fileRef = B232ADE41FD0FC7200ABBA1D /* btn_user_unselect.png */; };
		B232ADF81FD11FB500ABBA1D /* selfBuildCase.json in Resources */ = {isa = PBXBuildFile; fileRef = B232ADF71FD11FB500ABBA1D /* selfBuildCase.json */; };
		B232ADFB1FD1370400ABBA1D /* UserCaseScene.cpp in Sources */ = {isa = PBXBuildFile; fileRef = B232ADF91FD1370400ABBA1D /* UserCaseScene.cpp */; };
		B232AE021FD13A0100ABBA1D /* btn_usercase_add.png in Resources */ = {isa = PBXBuildFile; fileRef = B232ADFD1FD13A0100ABBA1D /* btn_usercase_add.png */; };
		B232AE031FD13A0100ABBA1D /* bk_usercase.png in Resources */ = {isa = PBXBuildFile; fileRef = B232ADFE1FD13A0100ABBA1D /* bk_usercase.png */; };
		B232AE041FD13A0100ABBA1D /* usercase_bluerect.png in Resources */ = {isa = PBXBuildFile; fileRef = B232ADFF1FD13A0100ABBA1D /* usercase_bluerect.png */; };
		B232AE051FD13A0100ABBA1D /* usercase_detail.png in Resources */ = {isa = PBXBuildFile; fileRef = B232AE001FD13A0100ABBA1D /* usercase_detail.png */; };
		B232AE061FD13A0100ABBA1D /* usercase_whiterect.png in Resources */ = {isa = PBXBuildFile; fileRef = B232AE011FD13A0100ABBA1D /* usercase_whiterect.png */; };
		B25FB28E1FD451720032D18F /* SelectCaseScene.cpp in Sources */ = {isa = PBXBuildFile; fileRef = B25FB28C1FD451720032D18F /* SelectCaseScene.cpp */; };
		BF171245129291EC00B8313A /* OpenGLES.framework in Frameworks */ = {isa = PBXBuildFile; fileRef = BF170DB012928DE900B8313A /* OpenGLES.framework */; };
		BF1712471292920000B8313A /* libz.dylib in Frameworks */ = {isa = PBXBuildFile; fileRef = BF170DB412928DE900B8313A /* libz.dylib */; };
		BF1C47F01293687400B63C5D /* QuartzCore.framework in Frameworks */ = {isa = PBXBuildFile; fileRef = BF1C47EA1293683800B63C5D /* QuartzCore.framework */; };
		C411806D1FD51858004ABE05 /* LoginScene.cpp in Sources */ = {isa = PBXBuildFile; fileRef = C411806C1FD51858004ABE05 /* LoginScene.cpp */; };
		C41180791FD52E6C004ABE05 /* select_white_rect.png in Resources */ = {isa = PBXBuildFile; fileRef = C41180711FD52E6C004ABE05 /* select_white_rect.png */; };
		C411807A1FD52E6C004ABE05 /* select_sure.png in Resources */ = {isa = PBXBuildFile; fileRef = C41180721FD52E6C004ABE05 /* select_sure.png */; };
		C411807B1FD52E6C004ABE05 /* select_line.png in Resources */ = {isa = PBXBuildFile; fileRef = C41180731FD52E6C004ABE05 /* select_line.png */; };
		C411807C1FD52E6C004ABE05 /* bk_selectCase.png in Resources */ = {isa = PBXBuildFile; fileRef = C41180741FD52E6C004ABE05 /* bk_selectCase.png */; };
		C411807D1FD52E6C004ABE05 /* select_circle.png in Resources */ = {isa = PBXBuildFile; fileRef = C41180751FD52E6C004ABE05 /* select_circle.png */; };
		C411807E1FD52E6C004ABE05 /* btn_select_cancel.png in Resources */ = {isa = PBXBuildFile; fileRef = C41180761FD52E6C004ABE05 /* btn_select_cancel.png */; };
		C411807F1FD52E6C004ABE05 /* select_meter.png in Resources */ = {isa = PBXBuildFile; fileRef = C41180771FD52E6C004ABE05 /* select_meter.png */; };
		C41180801FD52E6C004ABE05 /* select_blue_rect.png in Resources */ = {isa = PBXBuildFile; fileRef = C41180781FD52E6C004ABE05 /* select_blue_rect.png */; };
		C43E9E2D1FC8364E00CFB6EC /* bg_input_passwd.png in Resources */ = {isa = PBXBuildFile; fileRef = C43E9E2A1FC8364E00CFB6EC /* bg_input_passwd.png */; };
		C43E9E2E1FC8364E00CFB6EC /* bg_input_account.png in Resources */ = {isa = PBXBuildFile; fileRef = C43E9E2C1FC8364E00CFB6EC /* bg_input_account.png */; };
		C43E9E301FC843F300CFB6EC /* btn_register.png in Resources */ = {isa = PBXBuildFile; fileRef = C43E9E2F1FC843F300CFB6EC /* btn_register.png */; };
		C45025511FCE9E7300596F38 /* NetWrokMangerData.cpp in Sources */ = {isa = PBXBuildFile; fileRef = C450254F1FCE9E7300596F38 /* NetWrokMangerData.cpp */; };
		C49D38471FC542E90092C808 /* login_bk.png in Resources */ = {isa = PBXBuildFile; fileRef = C49D38461FC542E90092C808 /* login_bk.png */; };
		C4DF56971FC678FF0010307E /* btn_login.png in Resources */ = {isa = PBXBuildFile; fileRef = C4DF56951FC678FF0010307E /* btn_login.png */; };
		D44C620C132DFF330009C878 /* OpenAL.framework in Frameworks */ = {isa = PBXBuildFile; fileRef = D44C620B132DFF330009C878 /* OpenAL.framework */; };
		D44C620E132DFF430009C878 /* AVFoundation.framework in Frameworks */ = {isa = PBXBuildFile; fileRef = D44C620D132DFF430009C878 /* AVFoundation.framework */; };
		D44C6210132DFF4E0009C878 /* AudioToolbox.framework in Frameworks */ = {isa = PBXBuildFile; fileRef = D44C620F132DFF4E0009C878 /* AudioToolbox.framework */; };
		D6B0611B1803AB670077942B /* CoreMotion.framework in Frameworks */ = {isa = PBXBuildFile; fileRef = D6B0611A1803AB670077942B /* CoreMotion.framework */; };
		ED545A7C1B68A1F400C3958E /* libiconv.dylib in Frameworks */ = {isa = PBXBuildFile; fileRef = ED545A7B1B68A1F400C3958E /* libiconv.dylib */; };
		ED545A7E1B68A1FA00C3958E /* libiconv.dylib in Frameworks */ = {isa = PBXBuildFile; fileRef = ED545A7D1B68A1FA00C3958E /* libiconv.dylib */; };
/* End PBXBuildFile section */

/* Begin PBXContainerItemProxy section */
		1AC6FAF8180E9839004C840B /* PBXContainerItemProxy */ = {
			isa = PBXContainerItemProxy;
			containerPortal = 1AC6FAE5180E9839004C840B /* cocos2d_libs.xcodeproj */;
			proxyType = 2;
			remoteGlobalIDString = 1551A33F158F2AB200E66CFE;
			remoteInfo = "cocos2dx Mac";
		};
		1AC6FB06180E9839004C840B /* PBXContainerItemProxy */ = {
			isa = PBXContainerItemProxy;
			containerPortal = 1AC6FAE5180E9839004C840B /* cocos2d_libs.xcodeproj */;
			proxyType = 2;
			remoteGlobalIDString = A07A4D641783777C0073F6A7;
			remoteInfo = "cocos2dx iOS";
		};
		1AC6FB15180E9959004C840B /* PBXContainerItemProxy */ = {
			isa = PBXContainerItemProxy;
			containerPortal = 1AC6FAE5180E9839004C840B /* cocos2d_libs.xcodeproj */;
			proxyType = 1;
			remoteGlobalIDString = 1551A33E158F2AB200E66CFE;
			remoteInfo = "cocos2dx Mac";
		};
		1AC6FB24180E99E1004C840B /* PBXContainerItemProxy */ = {
			isa = PBXContainerItemProxy;
			containerPortal = 1AC6FAE5180E9839004C840B /* cocos2d_libs.xcodeproj */;
			proxyType = 1;
			remoteGlobalIDString = A07A4C241783777C0073F6A7;
			remoteInfo = "cocos2dx iOS";
		};
		C49D383D1FC534980092C808 /* PBXContainerItemProxy */ = {
			isa = PBXContainerItemProxy;
			containerPortal = 1AC6FAE5180E9839004C840B /* cocos2d_libs.xcodeproj */;
			proxyType = 2;
			remoteGlobalIDString = 507B40FD1C31BDD30067B53E;
			remoteInfo = "libcocos2d tvOS";
		};
/* End PBXContainerItemProxy section */

/* Begin PBXFileReference section */
		1AC6FAE5180E9839004C840B /* cocos2d_libs.xcodeproj */ = {isa = PBXFileReference; lastKnownFileType = "wrapper.pb-project"; name = cocos2d_libs.xcodeproj; path = ../cocos2d/build/cocos2d_libs.xcodeproj; sourceTree = "<group>"; };
		1ACB3243164770DE00914215 /* libcurl.a */ = {isa = PBXFileReference; lastKnownFileType = archive.ar; name = libcurl.a; path = ../../cocos2dx/platform/third_party/ios/libraries/libcurl.a; sourceTree = "<group>"; };
		1D30AB110D05D00D00671497 /* Foundation.framework */ = {isa = PBXFileReference; lastKnownFileType = wrapper.framework; name = Foundation.framework; path = System/Library/Frameworks/Foundation.framework; sourceTree = SDKROOT; };
		1D6058910D05DD3D006BFB54 /* Chuangzheng-mobile.app */ = {isa = PBXFileReference; explicitFileType = wrapper.application; includeInIndex = 0; path = "Chuangzheng-mobile.app"; sourceTree = BUILT_PRODUCTS_DIR; };
		1DF5F4DF0D08C38300B7A737 /* UIKit.framework */ = {isa = PBXFileReference; lastKnownFileType = wrapper.framework; name = UIKit.framework; path = System/Library/Frameworks/UIKit.framework; sourceTree = SDKROOT; };
		288765A40DF7441C002DB57D /* CoreGraphics.framework */ = {isa = PBXFileReference; lastKnownFileType = wrapper.framework; name = CoreGraphics.framework; path = System/Library/Frameworks/CoreGraphics.framework; sourceTree = SDKROOT; };
		294D0D631D0D56D500F7F5D4 /* CoreText.framework */ = {isa = PBXFileReference; lastKnownFileType = wrapper.framework; name = CoreText.framework; path = Platforms/iPhoneOS.platform/Developer/SDKs/iPhoneOS9.3.sdk/System/Library/Frameworks/CoreText.framework; sourceTree = DEVELOPER_DIR; };
		3EACC98E19EE6D4300EB3C5E /* res */ = {isa = PBXFileReference; lastKnownFileType = folder; path = res; sourceTree = "<group>"; };
		46880B7619C43A67006E1F66 /* CloseNormal.png */ = {isa = PBXFileReference; lastKnownFileType = image.png; path = CloseNormal.png; sourceTree = "<group>"; };
		46880B7719C43A67006E1F66 /* CloseSelected.png */ = {isa = PBXFileReference; lastKnownFileType = image.png; path = CloseSelected.png; sourceTree = "<group>"; };
		46880B7A19C43A67006E1F66 /* HelloWorld.png */ = {isa = PBXFileReference; lastKnownFileType = image.png; path = HelloWorld.png; sourceTree = "<group>"; };
		46880B8419C43A87006E1F66 /* AppDelegate.cpp */ = {isa = PBXFileReference; fileEncoding = 4; lastKnownFileType = sourcecode.cpp.cpp; path = AppDelegate.cpp; sourceTree = "<group>"; };
		46880B8519C43A87006E1F66 /* AppDelegate.h */ = {isa = PBXFileReference; fileEncoding = 4; lastKnownFileType = sourcecode.c.h; path = AppDelegate.h; sourceTree = "<group>"; };
		503AE0F617EB97AB00D1A890 /* Icon.icns */ = {isa = PBXFileReference; lastKnownFileType = image.icns; path = Icon.icns; sourceTree = "<group>"; };
		503AE0F717EB97AB00D1A890 /* Info.plist */ = {isa = PBXFileReference; fileEncoding = 4; lastKnownFileType = text.plist.xml; path = Info.plist; sourceTree = "<group>"; };
		503AE0FA17EB989F00D1A890 /* AppController.h */ = {isa = PBXFileReference; fileEncoding = 4; lastKnownFileType = sourcecode.c.h; name = AppController.h; path = ios/AppController.h; sourceTree = SOURCE_ROOT; };
		503AE0FB17EB989F00D1A890 /* AppController.mm */ = {isa = PBXFileReference; fileEncoding = 4; lastKnownFileType = sourcecode.cpp.objcpp; name = AppController.mm; path = ios/AppController.mm; sourceTree = SOURCE_ROOT; };
		503AE0FC17EB989F00D1A890 /* main.m */ = {isa = PBXFileReference; fileEncoding = 4; lastKnownFileType = sourcecode.c.objc; name = main.m; path = ios/main.m; sourceTree = SOURCE_ROOT; };
		503AE0FD17EB989F00D1A890 /* Prefix.pch */ = {isa = PBXFileReference; fileEncoding = 4; lastKnownFileType = sourcecode.c.h; name = Prefix.pch; path = ios/Prefix.pch; sourceTree = SOURCE_ROOT; };
		503AE0FE17EB989F00D1A890 /* RootViewController.h */ = {isa = PBXFileReference; fileEncoding = 4; lastKnownFileType = sourcecode.c.h; name = RootViewController.h; path = ios/RootViewController.h; sourceTree = SOURCE_ROOT; };
		503AE0FF17EB989F00D1A890 /* RootViewController.mm */ = {isa = PBXFileReference; fileEncoding = 4; lastKnownFileType = sourcecode.cpp.objcpp; name = RootViewController.mm; path = ios/RootViewController.mm; sourceTree = SOURCE_ROOT; };
		503AE10317EB98FF00D1A890 /* main.cpp */ = {isa = PBXFileReference; fileEncoding = 4; lastKnownFileType = sourcecode.cpp.cpp; name = main.cpp; path = mac/main.cpp; sourceTree = "<group>"; };
		503AE10417EB98FF00D1A890 /* Prefix.pch */ = {isa = PBXFileReference; fileEncoding = 4; lastKnownFileType = sourcecode.c.h; name = Prefix.pch; path = mac/Prefix.pch; sourceTree = "<group>"; };
		503AE11117EB99EE00D1A890 /* libcurl.dylib */ = {isa = PBXFileReference; lastKnownFileType = "compiled.mach-o.dylib"; name = libcurl.dylib; path = usr/lib/libcurl.dylib; sourceTree = SDKROOT; };
		503AE11A17EB9C5A00D1A890 /* IOKit.framework */ = {isa = PBXFileReference; lastKnownFileType = wrapper.framework; name = IOKit.framework; path = System/Library/Frameworks/IOKit.framework; sourceTree = SDKROOT; };
		5087E76F17EB910900C73F5D /* Chuangzheng-desktop.app */ = {isa = PBXFileReference; explicitFileType = wrapper.application; includeInIndex = 0; path = "Chuangzheng-desktop.app"; sourceTree = BUILT_PRODUCTS_DIR; };
		5087E77217EB970100C73F5D /* Default-568h@2x.png */ = {isa = PBXFileReference; lastKnownFileType = image.png; path = "Default-568h@2x.png"; sourceTree = "<group>"; };
		5087E77317EB970100C73F5D /* Default.png */ = {isa = PBXFileReference; lastKnownFileType = image.png; path = Default.png; sourceTree = "<group>"; };
		5087E77417EB970100C73F5D /* Default@2x.png */ = {isa = PBXFileReference; lastKnownFileType = image.png; path = "Default@2x.png"; sourceTree = "<group>"; };
		5087E77517EB970100C73F5D /* Icon-114.png */ = {isa = PBXFileReference; lastKnownFileType = image.png; path = "Icon-114.png"; sourceTree = "<group>"; };
		5087E77617EB970100C73F5D /* Icon-120.png */ = {isa = PBXFileReference; lastKnownFileType = image.png; path = "Icon-120.png"; sourceTree = "<group>"; };
		5087E77717EB970100C73F5D /* Icon-144.png */ = {isa = PBXFileReference; lastKnownFileType = image.png; path = "Icon-144.png"; sourceTree = "<group>"; };
		5087E77817EB970100C73F5D /* Icon-152.png */ = {isa = PBXFileReference; lastKnownFileType = image.png; path = "Icon-152.png"; sourceTree = "<group>"; };
		5087E77917EB970100C73F5D /* Icon-57.png */ = {isa = PBXFileReference; lastKnownFileType = image.png; path = "Icon-57.png"; sourceTree = "<group>"; };
		5087E77A17EB970100C73F5D /* Icon-72.png */ = {isa = PBXFileReference; lastKnownFileType = image.png; path = "Icon-72.png"; sourceTree = "<group>"; };
		5087E77B17EB970100C73F5D /* Icon-76.png */ = {isa = PBXFileReference; lastKnownFileType = image.png; path = "Icon-76.png"; sourceTree = "<group>"; };
		5087E77C17EB970100C73F5D /* Info.plist */ = {isa = PBXFileReference; fileEncoding = 4; lastKnownFileType = text.plist.xml; path = Info.plist; sourceTree = "<group>"; };
		5087E78817EB974C00C73F5D /* AppKit.framework */ = {isa = PBXFileReference; lastKnownFileType = wrapper.framework; name = AppKit.framework; path = System/Library/Frameworks/AppKit.framework; sourceTree = SDKROOT; };
		5087E78A17EB975400C73F5D /* OpenGL.framework */ = {isa = PBXFileReference; lastKnownFileType = wrapper.framework; name = OpenGL.framework; path = System/Library/Frameworks/OpenGL.framework; sourceTree = SDKROOT; };
		50EF629217ECD46A001EB2F8 /* Icon-40.png */ = {isa = PBXFileReference; lastKnownFileType = image.png; path = "Icon-40.png"; sourceTree = "<group>"; };
		50EF629317ECD46A001EB2F8 /* Icon-58.png */ = {isa = PBXFileReference; lastKnownFileType = image.png; path = "Icon-58.png"; sourceTree = "<group>"; };
		50EF629417ECD46A001EB2F8 /* Icon-80.png */ = {isa = PBXFileReference; lastKnownFileType = image.png; path = "Icon-80.png"; sourceTree = "<group>"; };
		50EF629517ECD46A001EB2F8 /* Icon-100.png */ = {isa = PBXFileReference; lastKnownFileType = image.png; path = "Icon-100.png"; sourceTree = "<group>"; };
		50EF62A017ECD613001EB2F8 /* Icon-29.png */ = {isa = PBXFileReference; lastKnownFileType = image.png; path = "Icon-29.png"; sourceTree = "<group>"; };
		50EF62A117ECD613001EB2F8 /* Icon-50.png */ = {isa = PBXFileReference; lastKnownFileType = image.png; path = "Icon-50.png"; sourceTree = "<group>"; };
		521A8E6219F0C34300D177D7 /* Default-667h@2x.png */ = {isa = PBXFileReference; lastKnownFileType = image.png; path = "Default-667h@2x.png"; sourceTree = "<group>"; };
		521A8E6319F0C34300D177D7 /* Default-736h@3x.png */ = {isa = PBXFileReference; lastKnownFileType = image.png; path = "Default-736h@3x.png"; sourceTree = "<group>"; };
		521A8EA819F11F5000D177D7 /* fonts */ = {isa = PBXFileReference; lastKnownFileType = folder; path = fonts; sourceTree = "<group>"; };
		52B47A461A53D09B004E4C60 /* Security.framework */ = {isa = PBXFileReference; lastKnownFileType = wrapper.framework; name = Security.framework; path = Platforms/iPhoneOS.platform/Developer/SDKs/iPhoneOS8.1.sdk/System/Library/Frameworks/Security.framework; sourceTree = DEVELOPER_DIR; };
		8262943D1AAF051F00CB7CF7 /* Security.framework */ = {isa = PBXFileReference; lastKnownFileType = wrapper.framework; name = Security.framework; path = System/Library/Frameworks/Security.framework; sourceTree = SDKROOT; };
		B223F11F1FCE6B5500DA0315 /* register_case.png */ = {isa = PBXFileReference; lastKnownFileType = image.png; path = register_case.png; sourceTree = "<group>"; };
		B223F1201FCE6B5500DA0315 /* register_first_use.png */ = {isa = PBXFileReference; lastKnownFileType = image.png; path = register_first_use.png; sourceTree = "<group>"; };
		B223F1211FCE6B5500DA0315 /* btn_register_return.png */ = {isa = PBXFileReference; lastKnownFileType = image.png; path = btn_register_return.png; sourceTree = "<group>"; };
		B223F1221FCE6B5500DA0315 /* register_SQCode.png */ = {isa = PBXFileReference; lastKnownFileType = image.png; path = register_SQCode.png; sourceTree = "<group>"; };
		B223F1231FCE6B5500DA0315 /* regitser_writing.png */ = {isa = PBXFileReference; lastKnownFileType = image.png; path = regitser_writing.png; sourceTree = "<group>"; };
		B223F1241FCE6B5500DA0315 /* btn_register_delete.png */ = {isa = PBXFileReference; lastKnownFileType = image.png; path = btn_register_delete.png; sourceTree = "<group>"; };
		B223F1251FCE6B5500DA0315 /* bk_register.png */ = {isa = PBXFileReference; lastKnownFileType = image.png; path = bk_register.png; sourceTree = "<group>"; };
		B223F1261FCE6B5500DA0315 /* btn_register_sure.png */ = {isa = PBXFileReference; lastKnownFileType = image.png; path = btn_register_sure.png; sourceTree = "<group>"; };
		B223F1301FCE6B7100DA0315 /* RegisterScene.cpp */ = {isa = PBXFileReference; lastKnownFileType = sourcecode.cpp.cpp; path = RegisterScene.cpp; sourceTree = "<group>"; };
		B223F1311FCE6B7100DA0315 /* RegisterScene.hpp */ = {isa = PBXFileReference; lastKnownFileType = sourcecode.cpp.h; path = RegisterScene.hpp; sourceTree = "<group>"; };
		B223F1341FCEAB0E00DA0315 /* btn_message_sure.png */ = {isa = PBXFileReference; lastKnownFileType = image.png; path = btn_message_sure.png; sourceTree = "<group>"; };
		B223F1351FCEAB0E00DA0315 /* bk_register_message.png */ = {isa = PBXFileReference; lastKnownFileType = image.png; path = bk_register_message.png; sourceTree = "<group>"; };
		B223F1361FCEAB0E00DA0315 /* update_album.png */ = {isa = PBXFileReference; lastKnownFileType = image.png; path = update_album.png; sourceTree = "<group>"; };
		B223F1371FCEAB0E00DA0315 /* select_sure.png */ = {isa = PBXFileReference; lastKnownFileType = image.png; path = select_sure.png; sourceTree = "<group>"; };
		B223F1381FCEAB0E00DA0315 /* message_select_man.png */ = {isa = PBXFileReference; lastKnownFileType = image.png; path = message_select_man.png; sourceTree = "<group>"; };
		B223F1391FCEAB0E00DA0315 /* btn_update_head.png */ = {isa = PBXFileReference; lastKnownFileType = image.png; path = btn_update_head.png; sourceTree = "<group>"; };
		B223F13A1FCEAB0E00DA0315 /* message_select_woman.png */ = {isa = PBXFileReference; lastKnownFileType = image.png; path = message_select_woman.png; sourceTree = "<group>"; };
		B223F13B1FCEAB0E00DA0315 /* btn_message_cancel.png */ = {isa = PBXFileReference; lastKnownFileType = image.png; path = btn_message_cancel.png; sourceTree = "<group>"; };
		B223F1441FCEAB3B00DA0315 /* RegisterMessageScene.cpp */ = {isa = PBXFileReference; lastKnownFileType = sourcecode.cpp.cpp; path = RegisterMessageScene.cpp; sourceTree = "<group>"; };
		B223F1451FCEAB3B00DA0315 /* RegisterMessageScene.hpp */ = {isa = PBXFileReference; lastKnownFileType = sourcecode.cpp.h; path = RegisterMessageScene.hpp; sourceTree = "<group>"; };
		B232ADD01FD0F6BE00ABBA1D /* PerfectCaseScene.cpp */ = {isa = PBXFileReference; lastKnownFileType = sourcecode.cpp.cpp; path = PerfectCaseScene.cpp; sourceTree = "<group>"; };
		B232ADD11FD0F6BE00ABBA1D /* PerfectCaseScene.hpp */ = {isa = PBXFileReference; lastKnownFileType = sourcecode.cpp.h; path = PerfectCaseScene.hpp; sourceTree = "<group>"; };
		B232ADD51FD0FC7200ABBA1D /* btn_dynamic_select.png */ = {isa = PBXFileReference; lastKnownFileType = image.png; path = btn_dynamic_select.png; sourceTree = "<group>"; };
		B232ADD61FD0FC7200ABBA1D /* step4.png */ = {isa = PBXFileReference; lastKnownFileType = image.png; path = step4.png; sourceTree = "<group>"; };
		B232ADD71FD0FC7200ABBA1D /* btn_inform_select.png */ = {isa = PBXFileReference; lastKnownFileType = image.png; path = btn_inform_select.png; sourceTree = "<group>"; };
		B232ADD81FD0FC7200ABBA1D /* step3.png */ = {isa = PBXFileReference; lastKnownFileType = image.png; path = step3.png; sourceTree = "<group>"; };
		B232ADD91FD0FC7200ABBA1D /* step2.png */ = {isa = PBXFileReference; lastKnownFileType = image.png; path = step2.png; sourceTree = "<group>"; };
		B232ADDA1FD0FC7200ABBA1D /* btn_case_unselect.png */ = {isa = PBXFileReference; lastKnownFileType = image.png; path = btn_case_unselect.png; sourceTree = "<group>"; };
		B232ADDB1FD0FC7200ABBA1D /* step1.png */ = {isa = PBXFileReference; lastKnownFileType = image.png; path = step1.png; sourceTree = "<group>"; };
		B232ADDC1FD0FC7200ABBA1D /* btn_perfect_sure.png */ = {isa = PBXFileReference; lastKnownFileType = image.png; path = btn_perfect_sure.png; sourceTree = "<group>"; };
		B232ADDD1FD0FC7200ABBA1D /* bk_perfect_case.png */ = {isa = PBXFileReference; lastKnownFileType = image.png; path = bk_perfect_case.png; sourceTree = "<group>"; };
		B232ADDE1FD0FC7200ABBA1D /* btn_dynamic_unselect.png */ = {isa = PBXFileReference; lastKnownFileType = image.png; path = btn_dynamic_unselect.png; sourceTree = "<group>"; };
		B232ADDF1FD0FC7200ABBA1D /* btn_case_select.png */ = {isa = PBXFileReference; lastKnownFileType = image.png; path = btn_case_select.png; sourceTree = "<group>"; };
		B232ADE01FD0FC7200ABBA1D /* inform_circle.png */ = {isa = PBXFileReference; lastKnownFileType = image.png; path = inform_circle.png; sourceTree = "<group>"; };
		B232ADE11FD0FC7200ABBA1D /* btn_user_select.png */ = {isa = PBXFileReference; lastKnownFileType = image.png; path = btn_user_select.png; sourceTree = "<group>"; };
		B232ADE21FD0FC7200ABBA1D /* bk_perfect_bottom.png */ = {isa = PBXFileReference; lastKnownFileType = image.png; path = bk_perfect_bottom.png; sourceTree = "<group>"; };
		B232ADE31FD0FC7200ABBA1D /* btn_inform_unselect.png */ = {isa = PBXFileReference; lastKnownFileType = image.png; path = btn_inform_unselect.png; sourceTree = "<group>"; };
		B232ADE41FD0FC7200ABBA1D /* btn_user_unselect.png */ = {isa = PBXFileReference; lastKnownFileType = image.png; path = btn_user_unselect.png; sourceTree = "<group>"; };
		B232ADF71FD11FB500ABBA1D /* selfBuildCase.json */ = {isa = PBXFileReference; fileEncoding = 4; lastKnownFileType = text.json; name = selfBuildCase.json; path = ../selfBuildCase.json; sourceTree = "<group>"; };
		B232ADF91FD1370400ABBA1D /* UserCaseScene.cpp */ = {isa = PBXFileReference; lastKnownFileType = sourcecode.cpp.cpp; path = UserCaseScene.cpp; sourceTree = "<group>"; };
		B232ADFA1FD1370400ABBA1D /* UserCaseScene.hpp */ = {isa = PBXFileReference; lastKnownFileType = sourcecode.cpp.h; path = UserCaseScene.hpp; sourceTree = "<group>"; };
		B232ADFD1FD13A0100ABBA1D /* btn_usercase_add.png */ = {isa = PBXFileReference; lastKnownFileType = image.png; path = btn_usercase_add.png; sourceTree = "<group>"; };
		B232ADFE1FD13A0100ABBA1D /* bk_usercase.png */ = {isa = PBXFileReference; lastKnownFileType = image.png; path = bk_usercase.png; sourceTree = "<group>"; };
		B232ADFF1FD13A0100ABBA1D /* usercase_bluerect.png */ = {isa = PBXFileReference; lastKnownFileType = image.png; path = usercase_bluerect.png; sourceTree = "<group>"; };
		B232AE001FD13A0100ABBA1D /* usercase_detail.png */ = {isa = PBXFileReference; lastKnownFileType = image.png; path = usercase_detail.png; sourceTree = "<group>"; };
		B232AE011FD13A0100ABBA1D /* usercase_whiterect.png */ = {isa = PBXFileReference; lastKnownFileType = image.png; path = usercase_whiterect.png; sourceTree = "<group>"; };
		B25FB28C1FD451720032D18F /* SelectCaseScene.cpp */ = {isa = PBXFileReference; lastKnownFileType = sourcecode.cpp.cpp; path = SelectCaseScene.cpp; sourceTree = "<group>"; };
		B25FB28D1FD451720032D18F /* SelectCaseScene.hpp */ = {isa = PBXFileReference; lastKnownFileType = sourcecode.cpp.h; path = SelectCaseScene.hpp; sourceTree = "<group>"; };
		BF170DB012928DE900B8313A /* OpenGLES.framework */ = {isa = PBXFileReference; lastKnownFileType = wrapper.framework; name = OpenGLES.framework; path = System/Library/Frameworks/OpenGLES.framework; sourceTree = SDKROOT; };
		BF170DB412928DE900B8313A /* libz.dylib */ = {isa = PBXFileReference; lastKnownFileType = "compiled.mach-o.dylib"; name = libz.dylib; path = usr/lib/libz.dylib; sourceTree = SDKROOT; };
		BF1C47EA1293683800B63C5D /* QuartzCore.framework */ = {isa = PBXFileReference; lastKnownFileType = wrapper.framework; name = QuartzCore.framework; path = System/Library/Frameworks/QuartzCore.framework; sourceTree = SDKROOT; };
		C411806B1FD51858004ABE05 /* LoginScene.h */ = {isa = PBXFileReference; fileEncoding = 4; lastKnownFileType = sourcecode.c.h; path = LoginScene.h; sourceTree = "<group>"; };
		C411806C1FD51858004ABE05 /* LoginScene.cpp */ = {isa = PBXFileReference; fileEncoding = 4; lastKnownFileType = sourcecode.cpp.cpp; path = LoginScene.cpp; sourceTree = "<group>"; };
		C41180711FD52E6C004ABE05 /* select_white_rect.png */ = {isa = PBXFileReference; lastKnownFileType = image.png; path = select_white_rect.png; sourceTree = "<group>"; };
		C41180721FD52E6C004ABE05 /* select_sure.png */ = {isa = PBXFileReference; lastKnownFileType = image.png; path = select_sure.png; sourceTree = "<group>"; };
		C41180731FD52E6C004ABE05 /* select_line.png */ = {isa = PBXFileReference; lastKnownFileType = image.png; path = select_line.png; sourceTree = "<group>"; };
		C41180741FD52E6C004ABE05 /* bk_selectCase.png */ = {isa = PBXFileReference; lastKnownFileType = image.png; path = bk_selectCase.png; sourceTree = "<group>"; };
		C41180751FD52E6C004ABE05 /* select_circle.png */ = {isa = PBXFileReference; lastKnownFileType = image.png; path = select_circle.png; sourceTree = "<group>"; };
		C41180761FD52E6C004ABE05 /* btn_select_cancel.png */ = {isa = PBXFileReference; lastKnownFileType = image.png; path = btn_select_cancel.png; sourceTree = "<group>"; };
		C41180771FD52E6C004ABE05 /* select_meter.png */ = {isa = PBXFileReference; lastKnownFileType = image.png; path = select_meter.png; sourceTree = "<group>"; };
		C41180781FD52E6C004ABE05 /* select_blue_rect.png */ = {isa = PBXFileReference; lastKnownFileType = image.png; path = select_blue_rect.png; sourceTree = "<group>"; };
		C43E9E2A1FC8364E00CFB6EC /* bg_input_passwd.png */ = {isa = PBXFileReference; lastKnownFileType = image.png; path = bg_input_passwd.png; sourceTree = "<group>"; };
		C43E9E2C1FC8364E00CFB6EC /* bg_input_account.png */ = {isa = PBXFileReference; lastKnownFileType = image.png; path = bg_input_account.png; sourceTree = "<group>"; };
		C43E9E2F1FC843F300CFB6EC /* btn_register.png */ = {isa = PBXFileReference; lastKnownFileType = image.png; path = btn_register.png; sourceTree = "<group>"; };
		C450254F1FCE9E7300596F38 /* NetWrokMangerData.cpp */ = {isa = PBXFileReference; lastKnownFileType = sourcecode.cpp.cpp; path = NetWrokMangerData.cpp; sourceTree = "<group>"; };
		C45025501FCE9E7300596F38 /* NetWrokMangerData.hpp */ = {isa = PBXFileReference; lastKnownFileType = sourcecode.cpp.h; path = NetWrokMangerData.hpp; sourceTree = "<group>"; };
		C49D38461FC542E90092C808 /* login_bk.png */ = {isa = PBXFileReference; lastKnownFileType = image.png; path = login_bk.png; sourceTree = "<group>"; };
		C4DF56951FC678FF0010307E /* btn_login.png */ = {isa = PBXFileReference; lastKnownFileType = image.png; path = btn_login.png; sourceTree = "<group>"; };
		D44C620B132DFF330009C878 /* OpenAL.framework */ = {isa = PBXFileReference; lastKnownFileType = wrapper.framework; name = OpenAL.framework; path = System/Library/Frameworks/OpenAL.framework; sourceTree = SDKROOT; };
		D44C620D132DFF430009C878 /* AVFoundation.framework */ = {isa = PBXFileReference; lastKnownFileType = wrapper.framework; name = AVFoundation.framework; path = System/Library/Frameworks/AVFoundation.framework; sourceTree = SDKROOT; };
		D44C620F132DFF4E0009C878 /* AudioToolbox.framework */ = {isa = PBXFileReference; lastKnownFileType = wrapper.framework; name = AudioToolbox.framework; path = System/Library/Frameworks/AudioToolbox.framework; sourceTree = SDKROOT; };
		D6B0611A1803AB670077942B /* CoreMotion.framework */ = {isa = PBXFileReference; lastKnownFileType = wrapper.framework; name = CoreMotion.framework; path = Platforms/iPhoneOS.platform/Developer/SDKs/iPhoneOS7.0.sdk/System/Library/Frameworks/CoreMotion.framework; sourceTree = DEVELOPER_DIR; };
		ED545A7B1B68A1F400C3958E /* libiconv.dylib */ = {isa = PBXFileReference; lastKnownFileType = "compiled.mach-o.dylib"; name = libiconv.dylib; path = Platforms/iPhoneOS.platform/Developer/SDKs/iPhoneOS8.4.sdk/usr/lib/libiconv.dylib; sourceTree = DEVELOPER_DIR; };
		ED545A7D1B68A1FA00C3958E /* libiconv.dylib */ = {isa = PBXFileReference; lastKnownFileType = "compiled.mach-o.dylib"; name = libiconv.dylib; path = usr/lib/libiconv.dylib; sourceTree = SDKROOT; };
/* End PBXFileReference section */

/* Begin PBXFrameworksBuildPhase section */
		1D60588F0D05DD3D006BFB54 /* Frameworks */ = {
			isa = PBXFrameworksBuildPhase;
			buildActionMask = 2147483647;
			files = (
				294D0D641D0D56D500F7F5D4 /* CoreText.framework in Frameworks */,
				ED545A7C1B68A1F400C3958E /* libiconv.dylib in Frameworks */,
				52B47A471A53D09C004E4C60 /* Security.framework in Frameworks */,
				1AC6FB30180E99EB004C840B /* libcocos2d iOS.a in Frameworks */,
				D6B0611B1803AB670077942B /* CoreMotion.framework in Frameworks */,
				1D60589F0D05DD5A006BFB54 /* Foundation.framework in Frameworks */,
				1DF5F4E00D08C38300B7A737 /* UIKit.framework in Frameworks */,
				288765A50DF7441C002DB57D /* CoreGraphics.framework in Frameworks */,
				BF171245129291EC00B8313A /* OpenGLES.framework in Frameworks */,
				BF1712471292920000B8313A /* libz.dylib in Frameworks */,
				BF1C47F01293687400B63C5D /* QuartzCore.framework in Frameworks */,
				D44C620C132DFF330009C878 /* OpenAL.framework in Frameworks */,
				D44C620E132DFF430009C878 /* AVFoundation.framework in Frameworks */,
				D44C6210132DFF4E0009C878 /* AudioToolbox.framework in Frameworks */,
			);
			runOnlyForDeploymentPostprocessing = 0;
		};
		5087E75C17EB910900C73F5D /* Frameworks */ = {
			isa = PBXFrameworksBuildPhase;
			buildActionMask = 2147483647;
			files = (
				ED545A7E1B68A1FA00C3958E /* libiconv.dylib in Frameworks */,
				1AC6FB21180E996B004C840B /* libcocos2d Mac.a in Frameworks */,
				5087E76717EB910900C73F5D /* libz.dylib in Frameworks */,
				8262943E1AAF051F00CB7CF7 /* Security.framework in Frameworks */,
				503AE11B17EB9C5A00D1A890 /* IOKit.framework in Frameworks */,
				5087E78B17EB975400C73F5D /* OpenGL.framework in Frameworks */,
				5087E78917EB974C00C73F5D /* AppKit.framework in Frameworks */,
				5087E76317EB910900C73F5D /* Foundation.framework in Frameworks */,
				5087E76817EB910900C73F5D /* QuartzCore.framework in Frameworks */,
				5087E76917EB910900C73F5D /* OpenAL.framework in Frameworks */,
				5087E76A17EB910900C73F5D /* AVFoundation.framework in Frameworks */,
				5087E76B17EB910900C73F5D /* AudioToolbox.framework in Frameworks */,
			);
			runOnlyForDeploymentPostprocessing = 0;
		};
/* End PBXFrameworksBuildPhase section */

/* Begin PBXGroup section */
		080E96DDFE201D6D7F000001 /* ios */ = {
			isa = PBXGroup;
			children = (
				5087E77117EB970100C73F5D /* Icons */,
				503AE0FA17EB989F00D1A890 /* AppController.h */,
				503AE0FB17EB989F00D1A890 /* AppController.mm */,
				503AE0FC17EB989F00D1A890 /* main.m */,
				503AE0FD17EB989F00D1A890 /* Prefix.pch */,
				503AE0FE17EB989F00D1A890 /* RootViewController.h */,
				503AE0FF17EB989F00D1A890 /* RootViewController.mm */,
			);
			name = ios;
			path = Classes;
			sourceTree = "<group>";
		};
		19C28FACFE9D520D11CA2CBB /* Products */ = {
			isa = PBXGroup;
			children = (
				1D6058910D05DD3D006BFB54 /* Chuangzheng-mobile.app */,
				5087E76F17EB910900C73F5D /* Chuangzheng-desktop.app */,
			);
			name = Products;
			sourceTree = "<group>";
		};
		1AC6FAE6180E9839004C840B /* Products */ = {
			isa = PBXGroup;
			children = (
				1AC6FAF9180E9839004C840B /* libcocos2d Mac.a */,
				1AC6FB07180E9839004C840B /* libcocos2d iOS.a */,
				C49D383E1FC534980092C808 /* libcocos2d tvOS.a */,
			);
			name = Products;
			sourceTree = "<group>";
		};
		29B97314FDCFA39411CA2CEA /* CustomTemplate */ = {
			isa = PBXGroup;
			children = (
				46880B8319C43A87006E1F66 /* Classes */,
				46880B7519C43A67006E1F66 /* Resources */,
				1AC6FAE5180E9839004C840B /* cocos2d_libs.xcodeproj */,
				29B97323FDCFA39411CA2CEA /* Frameworks */,
				080E96DDFE201D6D7F000001 /* ios */,
				503AE10617EB990700D1A890 /* mac */,
				19C28FACFE9D520D11CA2CBB /* Products */,
			);
			name = CustomTemplate;
			sourceTree = "<group>";
		};
		29B97323FDCFA39411CA2CEA /* Frameworks */ = {
			isa = PBXGroup;
			children = (
				294D0D631D0D56D500F7F5D4 /* CoreText.framework */,
				ED545A7D1B68A1FA00C3958E /* libiconv.dylib */,
				ED545A7B1B68A1F400C3958E /* libiconv.dylib */,
				8262943D1AAF051F00CB7CF7 /* Security.framework */,
				52B47A461A53D09B004E4C60 /* Security.framework */,
				D6B0611A1803AB670077942B /* CoreMotion.framework */,
				503AE11A17EB9C5A00D1A890 /* IOKit.framework */,
				503AE11117EB99EE00D1A890 /* libcurl.dylib */,
				5087E78A17EB975400C73F5D /* OpenGL.framework */,
				5087E78817EB974C00C73F5D /* AppKit.framework */,
				1ACB3243164770DE00914215 /* libcurl.a */,
				BF170DB412928DE900B8313A /* libz.dylib */,
				D44C620F132DFF4E0009C878 /* AudioToolbox.framework */,
				D44C620D132DFF430009C878 /* AVFoundation.framework */,
				288765A40DF7441C002DB57D /* CoreGraphics.framework */,
				1D30AB110D05D00D00671497 /* Foundation.framework */,
				D44C620B132DFF330009C878 /* OpenAL.framework */,
				BF170DB012928DE900B8313A /* OpenGLES.framework */,
				BF1C47EA1293683800B63C5D /* QuartzCore.framework */,
				1DF5F4DF0D08C38300B7A737 /* UIKit.framework */,
			);
			name = Frameworks;
			sourceTree = "<group>";
		};
		46880B7519C43A67006E1F66 /* Resources */ = {
			isa = PBXGroup;
			children = (
				C49D38481FC542F10092C808 /* codeResoucre */,
				C49D38441FC542E90092C808 /* Image */,
				521A8EA819F11F5000D177D7 /* fonts */,
				3EACC98E19EE6D4300EB3C5E /* res */,
				46880B7619C43A67006E1F66 /* CloseNormal.png */,
				46880B7719C43A67006E1F66 /* CloseSelected.png */,
				46880B7A19C43A67006E1F66 /* HelloWorld.png */,
			);
			name = Resources;
			path = ../Resources;
			sourceTree = "<group>";
		};
		46880B8319C43A87006E1F66 /* Classes */ = {
			isa = PBXGroup;
			children = (
				46880B8419C43A87006E1F66 /* AppDelegate.cpp */,
				46880B8519C43A87006E1F66 /* AppDelegate.h */,
			);
			name = Classes;
			path = ../Classes;
			sourceTree = "<group>";
		};
		503AE0F517EB97AB00D1A890 /* Icons */ = {
			isa = PBXGroup;
			children = (
				503AE0F617EB97AB00D1A890 /* Icon.icns */,
				503AE0F717EB97AB00D1A890 /* Info.plist */,
			);
			name = Icons;
			path = mac;
			sourceTree = SOURCE_ROOT;
		};
		503AE10617EB990700D1A890 /* mac */ = {
			isa = PBXGroup;
			children = (
				503AE0F517EB97AB00D1A890 /* Icons */,
				503AE10317EB98FF00D1A890 /* main.cpp */,
				503AE10417EB98FF00D1A890 /* Prefix.pch */,
			);
			name = mac;
			sourceTree = "<group>";
		};
		5087E77117EB970100C73F5D /* Icons */ = {
			isa = PBXGroup;
			children = (
				521A8E6219F0C34300D177D7 /* Default-667h@2x.png */,
				521A8E6319F0C34300D177D7 /* Default-736h@3x.png */,
				5087E77217EB970100C73F5D /* Default-568h@2x.png */,
				5087E77317EB970100C73F5D /* Default.png */,
				5087E77417EB970100C73F5D /* Default@2x.png */,
				50EF62A017ECD613001EB2F8 /* Icon-29.png */,
				50EF62A117ECD613001EB2F8 /* Icon-50.png */,
				50EF629217ECD46A001EB2F8 /* Icon-40.png */,
				50EF629317ECD46A001EB2F8 /* Icon-58.png */,
				50EF629417ECD46A001EB2F8 /* Icon-80.png */,
				50EF629517ECD46A001EB2F8 /* Icon-100.png */,
				5087E77517EB970100C73F5D /* Icon-114.png */,
				5087E77617EB970100C73F5D /* Icon-120.png */,
				5087E77717EB970100C73F5D /* Icon-144.png */,
				5087E77817EB970100C73F5D /* Icon-152.png */,
				5087E77917EB970100C73F5D /* Icon-57.png */,
				5087E77A17EB970100C73F5D /* Icon-72.png */,
				5087E77B17EB970100C73F5D /* Icon-76.png */,
				5087E77C17EB970100C73F5D /* Info.plist */,
			);
			name = Icons;
			path = ios;
			sourceTree = SOURCE_ROOT;
		};
		B223F11E1FCE6B5500DA0315 /* register */ = {
			isa = PBXGroup;
			children = (
				B223F1331FCEAB0E00DA0315 /* message */,
				B223F11F1FCE6B5500DA0315 /* register_case.png */,
				B223F1201FCE6B5500DA0315 /* register_first_use.png */,
				B223F1211FCE6B5500DA0315 /* btn_register_return.png */,
				B223F1221FCE6B5500DA0315 /* register_SQCode.png */,
				B223F1231FCE6B5500DA0315 /* regitser_writing.png */,
				B223F1241FCE6B5500DA0315 /* btn_register_delete.png */,
				B223F1251FCE6B5500DA0315 /* bk_register.png */,
				B223F1261FCE6B5500DA0315 /* btn_register_sure.png */,
			);
			path = register;
			sourceTree = "<group>";
		};
		B223F1331FCEAB0E00DA0315 /* message */ = {
			isa = PBXGroup;
			children = (
				B223F1341FCEAB0E00DA0315 /* btn_message_sure.png */,
				B223F1351FCEAB0E00DA0315 /* bk_register_message.png */,
				B223F1361FCEAB0E00DA0315 /* update_album.png */,
				B223F1371FCEAB0E00DA0315 /* select_sure.png */,
				B223F1381FCEAB0E00DA0315 /* message_select_man.png */,
				B223F1391FCEAB0E00DA0315 /* btn_update_head.png */,
				B223F13A1FCEAB0E00DA0315 /* message_select_woman.png */,
				B223F13B1FCEAB0E00DA0315 /* btn_message_cancel.png */,
			);
			path = message;
			sourceTree = "<group>";
		};
		B232ADD41FD0FC7200ABBA1D /* PerfectCase */ = {
			isa = PBXGroup;
			children = (
				B232ADD51FD0FC7200ABBA1D /* btn_dynamic_select.png */,
				B232ADD61FD0FC7200ABBA1D /* step4.png */,
				B232ADD71FD0FC7200ABBA1D /* btn_inform_select.png */,
				B232ADD81FD0FC7200ABBA1D /* step3.png */,
				B232ADD91FD0FC7200ABBA1D /* step2.png */,
				B232ADDA1FD0FC7200ABBA1D /* btn_case_unselect.png */,
				B232ADDB1FD0FC7200ABBA1D /* step1.png */,
				B232ADDC1FD0FC7200ABBA1D /* btn_perfect_sure.png */,
				B232ADDD1FD0FC7200ABBA1D /* bk_perfect_case.png */,
				B232ADDE1FD0FC7200ABBA1D /* btn_dynamic_unselect.png */,
				B232ADDF1FD0FC7200ABBA1D /* btn_case_select.png */,
				B232ADE01FD0FC7200ABBA1D /* inform_circle.png */,
				B232ADE11FD0FC7200ABBA1D /* btn_user_select.png */,
				B232ADE21FD0FC7200ABBA1D /* bk_perfect_bottom.png */,
				B232ADE31FD0FC7200ABBA1D /* btn_inform_unselect.png */,
				B232ADE41FD0FC7200ABBA1D /* btn_user_unselect.png */,
			);
			path = PerfectCase;
			sourceTree = "<group>";
		};
		B232ADFC1FD13A0100ABBA1D /* UserCase */ = {
			isa = PBXGroup;
			children = (
				B232ADFD1FD13A0100ABBA1D /* btn_usercase_add.png */,
				B232ADFE1FD13A0100ABBA1D /* bk_usercase.png */,
				B232ADFF1FD13A0100ABBA1D /* usercase_bluerect.png */,
				B232AE001FD13A0100ABBA1D /* usercase_detail.png */,
				B232AE011FD13A0100ABBA1D /* usercase_whiterect.png */,
			);
			path = UserCase;
			sourceTree = "<group>";
		};
		C411806A1FD51858004ABE05 /* Login */ = {
			isa = PBXGroup;
			children = (
				C411806B1FD51858004ABE05 /* LoginScene.h */,
				C411806C1FD51858004ABE05 /* LoginScene.cpp */,
			);
			path = Login;
			sourceTree = "<group>";
		};
		C41180701FD52E6C004ABE05 /* SelectCase */ = {
			isa = PBXGroup;
			children = (
				C41180711FD52E6C004ABE05 /* select_white_rect.png */,
				C41180721FD52E6C004ABE05 /* select_sure.png */,
				C41180731FD52E6C004ABE05 /* select_line.png */,
				C41180741FD52E6C004ABE05 /* bk_selectCase.png */,
				C41180751FD52E6C004ABE05 /* select_circle.png */,
				C41180761FD52E6C004ABE05 /* btn_select_cancel.png */,
				C41180771FD52E6C004ABE05 /* select_meter.png */,
				C41180781FD52E6C004ABE05 /* select_blue_rect.png */,
			);
			path = SelectCase;
			sourceTree = "<group>";
		};
		C45025491FCE9E1600596F38 /* 3rdFrameWork */ = {
			isa = PBXGroup;
			children = (
				C450254F1FCE9E7300596F38 /* NetWrokMangerData.cpp */,
				C45025501FCE9E7300596F38 /* NetWrokMangerData.hpp */,
			);
			path = 3rdFrameWork;
			sourceTree = "<group>";
		};
		C49D38441FC542E90092C808 /* Image */ = {
			isa = PBXGroup;
			children = (
				C41180701FD52E6C004ABE05 /* SelectCase */,
				B232ADFC1FD13A0100ABBA1D /* UserCase */,
				B232ADF71FD11FB500ABBA1D /* selfBuildCase.json */,
				B232ADD41FD0FC7200ABBA1D /* PerfectCase */,
				B223F11E1FCE6B5500DA0315 /* register */,
				C49D38451FC542E90092C808 /* login */,
			);
			path = Image;
			sourceTree = "<group>";
		};
		C49D38451FC542E90092C808 /* login */ = {
			isa = PBXGroup;
			children = (
				C43E9E2F1FC843F300CFB6EC /* btn_register.png */,
				C43E9E2C1FC8364E00CFB6EC /* bg_input_account.png */,
				C43E9E2A1FC8364E00CFB6EC /* bg_input_passwd.png */,
				C4DF56951FC678FF0010307E /* btn_login.png */,
				C49D38461FC542E90092C808 /* login_bk.png */,
			);
			path = login;
			sourceTree = "<group>";
		};
		C49D38481FC542F10092C808 /* codeResoucre */ = {
			isa = PBXGroup;
			children = (
				C411806A1FD51858004ABE05 /* Login */,
				C45025491FCE9E1600596F38 /* 3rdFrameWork */,
				B223F1301FCE6B7100DA0315 /* RegisterScene.cpp */,
				B223F1311FCE6B7100DA0315 /* RegisterScene.hpp */,
				B223F1441FCEAB3B00DA0315 /* RegisterMessageScene.cpp */,
				B223F1451FCEAB3B00DA0315 /* RegisterMessageScene.hpp */,
				B232ADD01FD0F6BE00ABBA1D /* PerfectCaseScene.cpp */,
				B232ADD11FD0F6BE00ABBA1D /* PerfectCaseScene.hpp */,
				B232ADF91FD1370400ABBA1D /* UserCaseScene.cpp */,
				B232ADFA1FD1370400ABBA1D /* UserCaseScene.hpp */,
				B25FB28C1FD451720032D18F /* SelectCaseScene.cpp */,
				B25FB28D1FD451720032D18F /* SelectCaseScene.hpp */,
			);
			path = codeResoucre;
			sourceTree = "<group>";
		};
/* End PBXGroup section */

/* Begin PBXNativeTarget section */
		1D6058900D05DD3D006BFB54 /* Chuangzheng-mobile */ = {
			isa = PBXNativeTarget;
			buildConfigurationList = 1D6058960D05DD3E006BFB54 /* Build configuration list for PBXNativeTarget "Chuangzheng-mobile" */;
			buildPhases = (
				1D60588D0D05DD3D006BFB54 /* Resources */,
				1D60588E0D05DD3D006BFB54 /* Sources */,
				1D60588F0D05DD3D006BFB54 /* Frameworks */,
			);
			buildRules = (
			);
			dependencies = (
				1AC6FB25180E99E1004C840B /* PBXTargetDependency */,
			);
			name = "Chuangzheng-mobile";
			productName = iphone;
			productReference = 1D6058910D05DD3D006BFB54 /* Chuangzheng-mobile.app */;
			productType = "com.apple.product-type.application";
		};
		5087E73D17EB910900C73F5D /* Chuangzheng-desktop */ = {
			isa = PBXNativeTarget;
			buildConfigurationList = 5087E76C17EB910900C73F5D /* Build configuration list for PBXNativeTarget "Chuangzheng-desktop" */;
			buildPhases = (
				5087E74817EB910900C73F5D /* Resources */,
				5087E75617EB910900C73F5D /* Sources */,
				5087E75C17EB910900C73F5D /* Frameworks */,
			);
			buildRules = (
			);
			dependencies = (
				1AC6FB16180E9959004C840B /* PBXTargetDependency */,
			);
			name = "Chuangzheng-desktop";
			productName = iphone;
			productReference = 5087E76F17EB910900C73F5D /* Chuangzheng-desktop.app */;
			productType = "com.apple.product-type.application";
		};
/* End PBXNativeTarget section */

/* Begin PBXProject section */
		29B97313FDCFA39411CA2CEA /* Project object */ = {
			isa = PBXProject;
			attributes = {
				LastUpgradeCheck = 0500;
				TargetAttributes = {
					1D6058900D05DD3D006BFB54 = {
						DevelopmentTeam = TMCHXYN3UH;
					};
				};
			};
			buildConfigurationList = C01FCF4E08A954540054247B /* Build configuration list for PBXProject "Chuangzheng" */;
			compatibilityVersion = "Xcode 3.2";
			developmentRegion = English;
			hasScannedForEncodings = 1;
			knownRegions = (
				English,
				Japanese,
				French,
				German,
			);
			mainGroup = 29B97314FDCFA39411CA2CEA /* CustomTemplate */;
			projectDirPath = "";
			projectReferences = (
				{
					ProductGroup = 1AC6FAE6180E9839004C840B /* Products */;
					ProjectRef = 1AC6FAE5180E9839004C840B /* cocos2d_libs.xcodeproj */;
				},
			);
			projectRoot = "";
			targets = (
				1D6058900D05DD3D006BFB54 /* Chuangzheng-mobile */,
				5087E73D17EB910900C73F5D /* Chuangzheng-desktop */,
			);
		};
/* End PBXProject section */

/* Begin PBXReferenceProxy section */
		1AC6FAF9180E9839004C840B /* libcocos2d Mac.a */ = {
			isa = PBXReferenceProxy;
			fileType = archive.ar;
			path = "libcocos2d Mac.a";
			remoteRef = 1AC6FAF8180E9839004C840B /* PBXContainerItemProxy */;
			sourceTree = BUILT_PRODUCTS_DIR;
		};
		1AC6FB07180E9839004C840B /* libcocos2d iOS.a */ = {
			isa = PBXReferenceProxy;
			fileType = archive.ar;
			path = "libcocos2d iOS.a";
			remoteRef = 1AC6FB06180E9839004C840B /* PBXContainerItemProxy */;
			sourceTree = BUILT_PRODUCTS_DIR;
		};
		C49D383E1FC534980092C808 /* libcocos2d tvOS.a */ = {
			isa = PBXReferenceProxy;
			fileType = archive.ar;
			path = "libcocos2d tvOS.a";
			remoteRef = C49D383D1FC534980092C808 /* PBXContainerItemProxy */;
			sourceTree = BUILT_PRODUCTS_DIR;
		};
/* End PBXReferenceProxy section */

/* Begin PBXResourcesBuildPhase section */
		1D60588D0D05DD3D006BFB54 /* Resources */ = {
			isa = PBXResourcesBuildPhase;
			buildActionMask = 2147483647;
			files = (
				5087E78117EB970100C73F5D /* Icon-120.png in Resources */,
				5087E78617EB970100C73F5D /* Icon-76.png in Resources */,
				B223F12E1FCE6B5500DA0315 /* bk_register.png in Resources */,
				B223F1411FCEAB0E00DA0315 /* btn_update_head.png in Resources */,
				C411807F1FD52E6C004ABE05 /* select_meter.png in Resources */,
				C411807A1FD52E6C004ABE05 /* select_sure.png in Resources */,
				B223F13D1FCEAB0E00DA0315 /* bk_register_message.png in Resources */,
				B223F13E1FCEAB0E00DA0315 /* update_album.png in Resources */,
				5087E77F17EB970100C73F5D /* Default@2x.png in Resources */,
				B232ADEA1FD0FC7300ABBA1D /* btn_case_unselect.png in Resources */,
				B232ADF01FD0FC7300ABBA1D /* inform_circle.png in Resources */,
				B232AE021FD13A0100ABBA1D /* btn_usercase_add.png in Resources */,
				B223F1281FCE6B5500DA0315 /* register_case.png in Resources */,
				C43E9E2D1FC8364E00CFB6EC /* bg_input_passwd.png in Resources */,
				50EF629917ECD46A001EB2F8 /* Icon-100.png in Resources */,
				B232ADF41FD0FC7300ABBA1D /* btn_user_unselect.png in Resources */,
				5087E78317EB970100C73F5D /* Icon-152.png in Resources */,
				C41180801FD52E6C004ABE05 /* select_blue_rect.png in Resources */,
				46880B8119C43A67006E1F66 /* HelloWorld.png in Resources */,
				C43E9E2E1FC8364E00CFB6EC /* bg_input_account.png in Resources */,
				B232ADEF1FD0FC7300ABBA1D /* btn_case_select.png in Resources */,
				B223F12B1FCE6B5500DA0315 /* register_SQCode.png in Resources */,
				B232ADE51FD0FC7300ABBA1D /* btn_dynamic_select.png in Resources */,
				46880B7D19C43A67006E1F66 /* CloseSelected.png in Resources */,
				B223F12C1FCE6B5500DA0315 /* regitser_writing.png in Resources */,
				5087E77D17EB970100C73F5D /* Default-568h@2x.png in Resources */,
				B232ADE61FD0FC7300ABBA1D /* step4.png in Resources */,
				B232AE041FD13A0100ABBA1D /* usercase_bluerect.png in Resources */,
				B223F1421FCEAB0E00DA0315 /* message_select_woman.png in Resources */,
				5087E78517EB970100C73F5D /* Icon-72.png in Resources */,
				521A8E6519F0C34300D177D7 /* Default-736h@3x.png in Resources */,
				521A8EA919F11F5000D177D7 /* fonts in Resources */,
				50EF62A317ECD613001EB2F8 /* Icon-50.png in Resources */,
				B232AE051FD13A0100ABBA1D /* usercase_detail.png in Resources */,
				C411807E1FD52E6C004ABE05 /* btn_select_cancel.png in Resources */,
				5087E78017EB970100C73F5D /* Icon-114.png in Resources */,
				50EF62A217ECD613001EB2F8 /* Icon-29.png in Resources */,
				B232ADE91FD0FC7300ABBA1D /* step2.png in Resources */,
				C41180791FD52E6C004ABE05 /* select_white_rect.png in Resources */,
				B232ADEB1FD0FC7300ABBA1D /* step1.png in Resources */,
				B223F12A1FCE6B5500DA0315 /* btn_register_return.png in Resources */,
				50EF629617ECD46A001EB2F8 /* Icon-40.png in Resources */,
				C411807B1FD52E6C004ABE05 /* select_line.png in Resources */,
				B232ADEE1FD0FC7300ABBA1D /* btn_dynamic_unselect.png in Resources */,
				5087E78217EB970100C73F5D /* Icon-144.png in Resources */,
				B232ADED1FD0FC7300ABBA1D /* bk_perfect_case.png in Resources */,
				3EACC98F19EE6D4300EB3C5E /* res in Resources */,
				B223F13C1FCEAB0E00DA0315 /* btn_message_sure.png in Resources */,
				C4DF56971FC678FF0010307E /* btn_login.png in Resources */,
				B232ADF21FD0FC7300ABBA1D /* bk_perfect_bottom.png in Resources */,
				B223F1431FCEAB0E00DA0315 /* btn_message_cancel.png in Resources */,
				B232ADF11FD0FC7300ABBA1D /* btn_user_select.png in Resources */,
				B223F1291FCE6B5500DA0315 /* register_first_use.png in Resources */,
				B223F12F1FCE6B5500DA0315 /* btn_register_sure.png in Resources */,
				B232ADF31FD0FC7300ABBA1D /* btn_inform_unselect.png in Resources */,
				50EF629817ECD46A001EB2F8 /* Icon-80.png in Resources */,
				5087E78417EB970100C73F5D /* Icon-57.png in Resources */,
				B223F13F1FCEAB0E00DA0315 /* select_sure.png in Resources */,
				5087E77E17EB970100C73F5D /* Default.png in Resources */,
				C43E9E301FC843F300CFB6EC /* btn_register.png in Resources */,
				C49D38471FC542E90092C808 /* login_bk.png in Resources */,
				B223F1401FCEAB0E00DA0315 /* message_select_man.png in Resources */,
				C411807D1FD52E6C004ABE05 /* select_circle.png in Resources */,
				521A8E6419F0C34300D177D7 /* Default-667h@2x.png in Resources */,
				B232ADF81FD11FB500ABBA1D /* selfBuildCase.json in Resources */,
				B232ADE81FD0FC7300ABBA1D /* step3.png in Resources */,
				B232ADE71FD0FC7300ABBA1D /* btn_inform_select.png in Resources */,
				46880B7B19C43A67006E1F66 /* CloseNormal.png in Resources */,
				B232AE031FD13A0100ABBA1D /* bk_usercase.png in Resources */,
				B232ADEC1FD0FC7300ABBA1D /* btn_perfect_sure.png in Resources */,
				C411807C1FD52E6C004ABE05 /* bk_selectCase.png in Resources */,
				B223F12D1FCE6B5500DA0315 /* btn_register_delete.png in Resources */,
				B232AE061FD13A0100ABBA1D /* usercase_whiterect.png in Resources */,
				50EF629717ECD46A001EB2F8 /* Icon-58.png in Resources */,
			);
			runOnlyForDeploymentPostprocessing = 0;
		};
		5087E74817EB910900C73F5D /* Resources */ = {
			isa = PBXResourcesBuildPhase;
			buildActionMask = 2147483647;
			files = (
				46880B8219C43A67006E1F66 /* HelloWorld.png in Resources */,
				503AE0F817EB97AB00D1A890 /* Icon.icns in Resources */,
				3EACC99019EE6D4300EB3C5E /* res in Resources */,
				521A8EAA19F11F5000D177D7 /* fonts in Resources */,
				46880B7C19C43A67006E1F66 /* CloseNormal.png in Resources */,
				46880B7E19C43A67006E1F66 /* CloseSelected.png in Resources */,
			);
			runOnlyForDeploymentPostprocessing = 0;
		};
/* End PBXResourcesBuildPhase section */

/* Begin PBXSourcesBuildPhase section */
		1D60588E0D05DD3D006BFB54 /* Sources */ = {
			isa = PBXSourcesBuildPhase;
			buildActionMask = 2147483647;
			files = (
				B232ADD21FD0F6BE00ABBA1D /* PerfectCaseScene.cpp in Sources */,
				46880B8819C43A87006E1F66 /* AppDelegate.cpp in Sources */,
				503AE10017EB989F00D1A890 /* AppController.mm in Sources */,
				C45025511FCE9E7300596F38 /* NetWrokMangerData.cpp in Sources */,
				503AE10217EB989F00D1A890 /* RootViewController.mm in Sources */,
				B223F1461FCEAB3B00DA0315 /* RegisterMessageScene.cpp in Sources */,
				B25FB28E1FD451720032D18F /* SelectCaseScene.cpp in Sources */,
				503AE10117EB989F00D1A890 /* main.m in Sources */,
				B232ADFB1FD1370400ABBA1D /* UserCaseScene.cpp in Sources */,
				C411806D1FD51858004ABE05 /* LoginScene.cpp in Sources */,
				B223F1321FCE6B7100DA0315 /* RegisterScene.cpp in Sources */,
			);
			runOnlyForDeploymentPostprocessing = 0;
		};
		5087E75617EB910900C73F5D /* Sources */ = {
			isa = PBXSourcesBuildPhase;
			buildActionMask = 2147483647;
			files = (
				46880B8919C43A87006E1F66 /* AppDelegate.cpp in Sources */,
				503AE10517EB98FF00D1A890 /* main.cpp in Sources */,
			);
			runOnlyForDeploymentPostprocessing = 0;
		};
/* End PBXSourcesBuildPhase section */

/* Begin PBXTargetDependency section */
		1AC6FB16180E9959004C840B /* PBXTargetDependency */ = {
			isa = PBXTargetDependency;
			name = "cocos2dx Mac";
			targetProxy = 1AC6FB15180E9959004C840B /* PBXContainerItemProxy */;
		};
		1AC6FB25180E99E1004C840B /* PBXTargetDependency */ = {
			isa = PBXTargetDependency;
			name = "cocos2dx iOS";
			targetProxy = 1AC6FB24180E99E1004C840B /* PBXContainerItemProxy */;
		};
/* End PBXTargetDependency section */

/* Begin XCBuildConfiguration section */
		1D6058940D05DD3E006BFB54 /* Debug */ = {
			isa = XCBuildConfiguration;
			buildSettings = {
				ALWAYS_SEARCH_USER_PATHS = YES;
				CODE_SIGN_IDENTITY = "iPhone Developer";
				COMPRESS_PNG_FILES = NO;
				DEVELOPMENT_TEAM = TMCHXYN3UH;
				ENABLE_BITCODE = NO;
				GCC_DYNAMIC_NO_PIC = NO;
				GCC_INLINES_ARE_PRIVATE_EXTERN = NO;
				GCC_PRECOMPILE_PREFIX_HEADER = YES;
				GCC_PREFIX_HEADER = ios/Prefix.pch;
				GCC_PREPROCESSOR_DEFINITIONS = (
					USE_FILE32API,
					"COCOS2D_DEBUG=1",
					"CC_ENABLE_CHIPMUNK_INTEGRATION=1",
				);
				GCC_SYMBOLS_PRIVATE_EXTERN = NO;
				HEADER_SEARCH_PATHS = "$(inherited)";
				INFOPLIST_FILE = ios/Info.plist;
				IPHONEOS_DEPLOYMENT_TARGET = 10.0;
				LIBRARY_SEARCH_PATHS = "";
				OTHER_LDFLAGS = (
					"$(_COCOS_LIB_IOS_BEGIN)",
					"$(_COCOS_LIB_IOS_END)",
				);
				SDKROOT = iphoneos;
				STRIP_PNG_TEXT = NO;
				TARGETED_DEVICE_FAMILY = "1,2";
				USER_HEADER_SEARCH_PATHS = "$(_COCOS_HEADER_IOS_BEGIN) $(_COCOS_HEADER_IOS_END)";
				VALID_ARCHS = "arm64 armv7";
			};
			name = Debug;
		};
		1D6058950D05DD3E006BFB54 /* Release */ = {
			isa = XCBuildConfiguration;
			buildSettings = {
				ALWAYS_SEARCH_USER_PATHS = YES;
				CODE_SIGN_IDENTITY = "iPhone Developer";
				COMPRESS_PNG_FILES = NO;
				DEVELOPMENT_TEAM = TMCHXYN3UH;
				ENABLE_BITCODE = NO;
				GCC_INLINES_ARE_PRIVATE_EXTERN = NO;
				GCC_PRECOMPILE_PREFIX_HEADER = YES;
				GCC_PREFIX_HEADER = ios/Prefix.pch;
				GCC_PREPROCESSOR_DEFINITIONS = (
					USE_FILE32API,
					"CC_ENABLE_CHIPMUNK_INTEGRATION=1",
					NDEBUG,
				);
				GCC_SYMBOLS_PRIVATE_EXTERN = NO;
				HEADER_SEARCH_PATHS = "$(inherited)";
				INFOPLIST_FILE = ios/Info.plist;
				IPHONEOS_DEPLOYMENT_TARGET = 10.0;
				LIBRARY_SEARCH_PATHS = "";
				OTHER_LDFLAGS = (
					"$(_COCOS_LIB_IOS_BEGIN)",
					"$(_COCOS_LIB_IOS_END)",
				);
				SDKROOT = iphoneos;
				STRIP_PNG_TEXT = NO;
				TARGETED_DEVICE_FAMILY = "1,2";
				USER_HEADER_SEARCH_PATHS = "$(_COCOS_HEADER_IOS_BEGIN) $(_COCOS_HEADER_IOS_END)";
				VALID_ARCHS = "arm64 armv7";
			};
			name = Release;
		};
		5087E76D17EB910900C73F5D /* Debug */ = {
			isa = XCBuildConfiguration;
			buildSettings = {
				ALWAYS_SEARCH_USER_PATHS = YES;
				ARCHS = "$(ARCHS_STANDARD_64_BIT)";
				CLANG_CXX_LANGUAGE_STANDARD = "c++0x";
				CLANG_CXX_LIBRARY = "libc++";
				GCC_DYNAMIC_NO_PIC = NO;
				GCC_INLINES_ARE_PRIVATE_EXTERN = NO;
				GCC_PRECOMPILE_PREFIX_HEADER = YES;
				GCC_PREFIX_HEADER = mac/Prefix.pch;
				GCC_PREPROCESSOR_DEFINITIONS = (
					USE_FILE32API,
					"COCOS2D_DEBUG=1",
					"CC_ENABLE_CHIPMUNK_INTEGRATION=1",
				);
				GCC_SYMBOLS_PRIVATE_EXTERN = NO;
				HEADER_SEARCH_PATHS = (
					"$(inherited)",
					"$(SRCROOT)/../cocos2d/external/glfw3/include/mac",
				);
				INFOPLIST_FILE = mac/Info.plist;
				LIBRARY_SEARCH_PATHS = "";
				OTHER_LDFLAGS = (
					"$(_COCOS_LIB_MAC_BEGIN)",
					"$(_COCOS_LIB_MAC_END)",
				);
				USER_HEADER_SEARCH_PATHS = "$(_COCOS_HEADER_MAC_BEGIN) $(_COCOS_HEADER_MAC_END)";
			};
			name = Debug;
		};
		5087E76E17EB910900C73F5D /* Release */ = {
			isa = XCBuildConfiguration;
			buildSettings = {
				ALWAYS_SEARCH_USER_PATHS = YES;
				ARCHS = "$(ARCHS_STANDARD_64_BIT)";
				CLANG_CXX_LANGUAGE_STANDARD = "c++0x";
				CLANG_CXX_LIBRARY = "libc++";
				GCC_INLINES_ARE_PRIVATE_EXTERN = NO;
				GCC_PRECOMPILE_PREFIX_HEADER = YES;
				GCC_PREFIX_HEADER = mac/Prefix.pch;
				GCC_PREPROCESSOR_DEFINITIONS = (
					USE_FILE32API,
					"CC_ENABLE_CHIPMUNK_INTEGRATION=1",
					NDEBUG,
				);
				GCC_SYMBOLS_PRIVATE_EXTERN = NO;
				HEADER_SEARCH_PATHS = (
					"$(inherited)",
					"$(SRCROOT)/../cocos2d/external/glfw3/include/mac",
				);
				INFOPLIST_FILE = mac/Info.plist;
				LIBRARY_SEARCH_PATHS = "";
				OTHER_LDFLAGS = (
					"$(_COCOS_LIB_MAC_BEGIN)",
					"$(_COCOS_LIB_MAC_END)",
				);
				USER_HEADER_SEARCH_PATHS = "$(_COCOS_HEADER_MAC_BEGIN) $(_COCOS_HEADER_MAC_END)";
			};
			name = Release;
		};
		C01FCF4F08A954540054247B /* Debug */ = {
			isa = XCBuildConfiguration;
			buildSettings = {
				CLANG_CXX_LANGUAGE_STANDARD = "c++0x";
				CLANG_CXX_LIBRARY = "libc++";
				COPY_PHASE_STRIP = NO;
				GCC_OPTIMIZATION_LEVEL = 0;
				GCC_WARN_ABOUT_RETURN_TYPE = YES;
				GCC_WARN_UNUSED_VARIABLE = YES;
				HEADER_SEARCH_PATHS = (
					"$(SRCROOT)/../cocos2d",
					"$(SRCROOT)/../cocos2d/cocos/audio/include",
					"$(SRCROOT)/../cocos2d/cocos",
					"$(SRCROOT)/../cocos2d/extensions",
					"$(SRCROOT)/../cocos2d/external",
					"$(SRCROOT)/../cocos2d/external/chipmunk/include/chipmunk",
					"$(SRCROOT)/../cocos2d/cocos/editor-support",
				);
				IPHONEOS_DEPLOYMENT_TARGET = 6.0;
				MACOSX_DEPLOYMENT_TARGET = 10.7;
				ONLY_ACTIVE_ARCH = YES;
				PRODUCT_NAME = "$(TARGET_NAME)";
				SDKROOT = macosx;
			};
			name = Debug;
		};
		C01FCF5008A954540054247B /* Release */ = {
			isa = XCBuildConfiguration;
			buildSettings = {
				CLANG_CXX_LANGUAGE_STANDARD = "c++0x";
				CLANG_CXX_LIBRARY = "libc++";
				GCC_WARN_ABOUT_RETURN_TYPE = YES;
				GCC_WARN_UNUSED_VARIABLE = YES;
				HEADER_SEARCH_PATHS = (
					"$(SRCROOT)/../cocos2d",
					"$(SRCROOT)/../cocos2d/cocos/audio/include",
					"$(SRCROOT)/../cocos2d/cocos",
					"$(SRCROOT)/../cocos2d/extensions",
					"$(SRCROOT)/../cocos2d/external",
					"$(SRCROOT)/../cocos2d/external/chipmunk/include/chipmunk",
					"$(SRCROOT)/../cocos2d/cocos/editor-support",
				);
				IPHONEOS_DEPLOYMENT_TARGET = 6.0;
				MACOSX_DEPLOYMENT_TARGET = 10.7;
				OTHER_CFLAGS = "-DNS_BLOCK_ASSERTIONS=1";
				PRODUCT_NAME = "$(TARGET_NAME)";
				SDKROOT = macosx;
				VALIDATE_PRODUCT = YES;
			};
			name = Release;
		};
/* End XCBuildConfiguration section */

/* Begin XCConfigurationList section */
		1D6058960D05DD3E006BFB54 /* Build configuration list for PBXNativeTarget "Chuangzheng-mobile" */ = {
			isa = XCConfigurationList;
			buildConfigurations = (
				1D6058940D05DD3E006BFB54 /* Debug */,
				1D6058950D05DD3E006BFB54 /* Release */,
			);
			defaultConfigurationIsVisible = 0;
			defaultConfigurationName = Debug;
		};
		5087E76C17EB910900C73F5D /* Build configuration list for PBXNativeTarget "Chuangzheng-desktop" */ = {
			isa = XCConfigurationList;
			buildConfigurations = (
				5087E76D17EB910900C73F5D /* Debug */,
				5087E76E17EB910900C73F5D /* Release */,
			);
			defaultConfigurationIsVisible = 0;
			defaultConfigurationName = Debug;
		};
		C01FCF4E08A954540054247B /* Build configuration list for PBXProject "Chuangzheng" */ = {
			isa = XCConfigurationList;
			buildConfigurations = (
				C01FCF4F08A954540054247B /* Debug */,
				C01FCF5008A954540054247B /* Release */,
			);
			defaultConfigurationIsVisible = 0;
			defaultConfigurationName = Debug;
		};
/* End XCConfigurationList section */
	};
	rootObject = 29B97313FDCFA39411CA2CEA /* Project object */;
}
